
Microsoft Visual Studio Solution File, Format Version 12.00
# Visual Studio Version 17
VisualStudioVersion = 17.0.32112.339
MinimumVisualStudioVersion = 10.0.40219.1
Project("{2150E333-8FDC-42A3-9474-1A3956D46DE8}") = "src", "src", "{AF49AF13-D768-41A0-B8A3-8866A3CFA269}"
EndProject
Project("{2150E333-8FDC-42A3-9474-1A3956D46DE8}") = "tests", "tests", "{61A2CF0A-7C03-48C9-BF35-7461ED1295C5}"
EndProject
Project("{2150E333-8FDC-42A3-9474-1A3956D46DE8}") = "Bootstrapper", "Bootstrapper", "{76CB078C-0F53-46F7-A857-A834AFFF28D3}"
EndProject
Project("{2150E333-8FDC-42A3-9474-1A3956D46DE8}") = "Shared", "Shared", "{120DA900-9B35-4616-B2F9-80FA036B91E1}"
EndProject
Project("{9A19103F-16F7-4668-BE54-9A1E7A4F7556}") = "MelonPay.Bootstrapper", "src\Bootstrapper\MelonPay.Bootstrapper\MelonPay.Bootstrapper.csproj", "{C348A031-4583-4052-9A83-4EF764210195}"
EndProject
Project("{9A19103F-16F7-4668-BE54-9A1E7A4F7556}") = "MelonPay.Shared.Abstractions", "src\Shared\MelonPay.Shared.Abstractions\MelonPay.Shared.Abstractions.csproj", "{1DFAEE59-189E-4DB4-9C5F-BA622E3DE17C}"
EndProject
Project("{9A19103F-16F7-4668-BE54-9A1E7A4F7556}") = "MelonPay.Shared.Infrastructure", "src\Shared\MelonPay.Shared.Infrastructure\MelonPay.Shared.Infrastructure.csproj", "{5806A449-16EB-479C-861E-236F0F7B5C80}"
EndProject
Project("{9A19103F-16F7-4668-BE54-9A1E7A4F7556}") = "MelonPay.Shared.Kernel", "src\Shared\MelonPay.Shared.Kernel\MelonPay.Shared.Kernel.csproj", "{160B11AB-A24B-4427-B569-412EE1DA27AC}"
EndProject
Project("{2150E333-8FDC-42A3-9474-1A3956D46DE8}") = "Modules", "Modules", "{56CDE3B8-28AB-4DE5-9BDD-872EA52870EF}"
EndProject
Project("{2150E333-8FDC-42A3-9474-1A3956D46DE8}") = "Customers", "Customers", "{7A4F071B-EE19-4980-AF58-0EB328E941BF}"
	ProjectSection(SolutionItems) = preProject
		Customers.rest = Customers.rest
	EndProjectSection
EndProject
Project("{9A19103F-16F7-4668-BE54-9A1E7A4F7556}") = "MelonPay.Modules.Customers.Api", "src\Modules\Customers\MelonPay.Modules.Customers.Api\MelonPay.Modules.Customers.Api.csproj", "{E5524E17-8C85-4037-938E-AAE5E18CE955}"
EndProject
Project("{9A19103F-16F7-4668-BE54-9A1E7A4F7556}") = "MelonPay.Modules.Customers.Core", "src\Modules\Customers\MelonPay.Modules.Customers.Core\MelonPay.Modules.Customers.Core.csproj", "{4FCB2394-C159-4268-8444-D372B2FBB714}"
EndProject
Project("{2150E333-8FDC-42A3-9474-1A3956D46DE8}") = "Users", "Users", "{3B76181C-4C7B-4ABC-A944-C252FC0E58A2}"
EndProject
Project("{FAE04EC0-301F-11D3-BF4B-00C04F79EFBC}") = "MelonPay.Modules.Users.Api", "src\Modules\Users\MelonPay.Modules.Users.Api\MelonPay.Modules.Users.Api.csproj", "{AACB9F69-A0DF-4D4C-9B85-86A70AD7DD80}"
EndProject
Project("{FAE04EC0-301F-11D3-BF4B-00C04F79EFBC}") = "MelonPay.Modules.Users.Core", "src\Modules\Users\MelonPay.Modules.Users.Core\MelonPay.Modules.Users.Core.csproj", "{E7293E03-30A1-49F3-A3C5-0B425321235C}"
EndProject
Global
	GlobalSection(SolutionConfigurationPlatforms) = preSolution
		Debug|Any CPU = Debug|Any CPU
		Release|Any CPU = Release|Any CPU
	EndGlobalSection
	GlobalSection(ProjectConfigurationPlatforms) = postSolution
		{C348A031-4583-4052-9A83-4EF764210195}.Debug|Any CPU.ActiveCfg = Debug|Any CPU
		{C348A031-4583-4052-9A83-4EF764210195}.Debug|Any CPU.Build.0 = Debug|Any CPU
		{C348A031-4583-4052-9A83-4EF764210195}.Release|Any CPU.ActiveCfg = Release|Any CPU
		{C348A031-4583-4052-9A83-4EF764210195}.Release|Any CPU.Build.0 = Release|Any CPU
		{1DFAEE59-189E-4DB4-9C5F-BA622E3DE17C}.Debug|Any CPU.ActiveCfg = Debug|Any CPU
		{1DFAEE59-189E-4DB4-9C5F-BA622E3DE17C}.Debug|Any CPU.Build.0 = Debug|Any CPU
		{1DFAEE59-189E-4DB4-9C5F-BA622E3DE17C}.Release|Any CPU.ActiveCfg = Release|Any CPU
		{1DFAEE59-189E-4DB4-9C5F-BA622E3DE17C}.Release|Any CPU.Build.0 = Release|Any CPU
		{5806A449-16EB-479C-861E-236F0F7B5C80}.Debug|Any CPU.ActiveCfg = Debug|Any CPU
		{5806A449-16EB-479C-861E-236F0F7B5C80}.Debug|Any CPU.Build.0 = Debug|Any CPU
		{5806A449-16EB-479C-861E-236F0F7B5C80}.Release|Any CPU.ActiveCfg = Release|Any CPU
		{5806A449-16EB-479C-861E-236F0F7B5C80}.Release|Any CPU.Build.0 = Release|Any CPU
		{160B11AB-A24B-4427-B569-412EE1DA27AC}.Debug|Any CPU.ActiveCfg = Debug|Any CPU
		{160B11AB-A24B-4427-B569-412EE1DA27AC}.Debug|Any CPU.Build.0 = Debug|Any CPU
		{160B11AB-A24B-4427-B569-412EE1DA27AC}.Release|Any CPU.ActiveCfg = Release|Any CPU
		{160B11AB-A24B-4427-B569-412EE1DA27AC}.Release|Any CPU.Build.0 = Release|Any CPU
		{E5524E17-8C85-4037-938E-AAE5E18CE955}.Debug|Any CPU.ActiveCfg = Debug|Any CPU
		{E5524E17-8C85-4037-938E-AAE5E18CE955}.Debug|Any CPU.Build.0 = Debug|Any CPU
		{E5524E17-8C85-4037-938E-AAE5E18CE955}.Release|Any CPU.ActiveCfg = Release|Any CPU
		{E5524E17-8C85-4037-938E-AAE5E18CE955}.Release|Any CPU.Build.0 = Release|Any CPU
		{4FCB2394-C159-4268-8444-D372B2FBB714}.Debug|Any CPU.ActiveCfg = Debug|Any CPU
		{4FCB2394-C159-4268-8444-D372B2FBB714}.Debug|Any CPU.Build.0 = Debug|Any CPU
		{4FCB2394-C159-4268-8444-D372B2FBB714}.Release|Any CPU.ActiveCfg = Release|Any CPU
		{4FCB2394-C159-4268-8444-D372B2FBB714}.Release|Any CPU.Build.0 = Release|Any CPU
		{AACB9F69-A0DF-4D4C-9B85-86A70AD7DD80}.Debug|Any CPU.ActiveCfg = Debug|Any CPU
		{AACB9F69-A0DF-4D4C-9B85-86A70AD7DD80}.Debug|Any CPU.Build.0 = Debug|Any CPU
		{AACB9F69-A0DF-4D4C-9B85-86A70AD7DD80}.Release|Any CPU.ActiveCfg = Release|Any CPU
		{AACB9F69-A0DF-4D4C-9B85-86A70AD7DD80}.Release|Any CPU.Build.0 = Release|Any CPU
		{E7293E03-30A1-49F3-A3C5-0B425321235C}.Debug|Any CPU.ActiveCfg = Debug|Any CPU
		{E7293E03-30A1-49F3-A3C5-0B425321235C}.Debug|Any CPU.Build.0 = Debug|Any CPU
		{E7293E03-30A1-49F3-A3C5-0B425321235C}.Release|Any CPU.ActiveCfg = Release|Any CPU
		{E7293E03-30A1-49F3-A3C5-0B425321235C}.Release|Any CPU.Build.0 = Release|Any CPU
	EndGlobalSection
	GlobalSection(SolutionProperties) = preSolution
		HideSolutionNode = FALSE
	EndGlobalSection
	GlobalSection(NestedProjects) = preSolution
		{76CB078C-0F53-46F7-A857-A834AFFF28D3} = {AF49AF13-D768-41A0-B8A3-8866A3CFA269}
		{120DA900-9B35-4616-B2F9-80FA036B91E1} = {AF49AF13-D768-41A0-B8A3-8866A3CFA269}
		{C348A031-4583-4052-9A83-4EF764210195} = {76CB078C-0F53-46F7-A857-A834AFFF28D3}
		{1DFAEE59-189E-4DB4-9C5F-BA622E3DE17C} = {120DA900-9B35-4616-B2F9-80FA036B91E1}
		{5806A449-16EB-479C-861E-236F0F7B5C80} = {120DA900-9B35-4616-B2F9-80FA036B91E1}
		{160B11AB-A24B-4427-B569-412EE1DA27AC} = {120DA900-9B35-4616-B2F9-80FA036B91E1}
		{56CDE3B8-28AB-4DE5-9BDD-872EA52870EF} = {AF49AF13-D768-41A0-B8A3-8866A3CFA269}
		{7A4F071B-EE19-4980-AF58-0EB328E941BF} = {56CDE3B8-28AB-4DE5-9BDD-872EA52870EF}
		{E5524E17-8C85-4037-938E-AAE5E18CE955} = {7A4F071B-EE19-4980-AF58-0EB328E941BF}
		{4FCB2394-C159-4268-8444-D372B2FBB714} = {7A4F071B-EE19-4980-AF58-0EB328E941BF}
		{3B76181C-4C7B-4ABC-A944-C252FC0E58A2} = {56CDE3B8-28AB-4DE5-9BDD-872EA52870EF}
		{AACB9F69-A0DF-4D4C-9B85-86A70AD7DD80} = {3B76181C-4C7B-4ABC-A944-C252FC0E58A2}
		{E7293E03-30A1-49F3-A3C5-0B425321235C} = {3B76181C-4C7B-4ABC-A944-C252FC0E58A2}
	EndGlobalSection
	GlobalSection(ExtensibilityGlobals) = postSolution
		SolutionGuid = {1EEFA9D4-A6AB-44D8-BBD2-9B24B0821198}
	EndGlobalSection
EndGlobal
